
Microsoft Visual Studio Solution File, Format Version 12.00
# Visual Studio Version 17
VisualStudioVersion = 17.10.35027.167
MinimumVisualStudioVersion = 10.0.40219.1
Project("{FAE04EC0-301F-11D3-BF4B-00C04F79EFBC}") = "Shopping.Api", "Shopping.Api\Shopping.Api.csproj", "{E1B17E4B-D639-4758-9BE5-C42D37BFFA0F}"
EndProject
Project("{2150E333-8FDC-42A3-9474-1A3956D46DE8}") = "Shopping", "Shopping", "{F3E8024E-F9DF-4CAC-AA2A-74D70683963E}"
EndProject
Project("{FAE04EC0-301F-11D3-BF4B-00C04F79EFBC}") = "Shopping.Api.Services.UnitTest", "Shopping.Api.Services.UnitTest\Shopping.Api.Services.UnitTest.csproj", "{5B2EA89E-E372-454C-9447-396FD255893A}"
EndProject
Global
	GlobalSection(SolutionConfigurationPlatforms) = preSolution
		Debug|Any CPU = Debug|Any CPU
		Release|Any CPU = Release|Any CPU
	EndGlobalSection
	GlobalSection(ProjectConfigurationPlatforms) = postSolution
		{E1B17E4B-D639-4758-9BE5-C42D37BFFA0F}.Debug|Any CPU.ActiveCfg = Debug|Any CPU
		{E1B17E4B-D639-4758-9BE5-C42D37BFFA0F}.Debug|Any CPU.Build.0 = Debug|Any CPU
		{E1B17E4B-D639-4758-9BE5-C42D37BFFA0F}.Release|Any CPU.ActiveCfg = Release|Any CPU
		{E1B17E4B-D639-4758-9BE5-C42D37BFFA0F}.Release|Any CPU.Build.0 = Release|Any CPU
		{5B2EA89E-E372-454C-9447-396FD255893A}.Debug|Any CPU.ActiveCfg = Debug|Any CPU
		{5B2EA89E-E372-454C-9447-396FD255893A}.Debug|Any CPU.Build.0 = Debug|Any CPU
		{5B2EA89E-E372-454C-9447-396FD255893A}.Release|Any CPU.ActiveCfg = Release|Any CPU
		{5B2EA89E-E372-454C-9447-396FD255893A}.Release|Any CPU.Build.0 = Release|Any CPU
	EndGlobalSection
	GlobalSection(SolutionProperties) = preSolution
		HideSolutionNode = FALSE
	EndGlobalSection
	GlobalSection(NestedProjects) = preSolution
		{E1B17E4B-D639-4758-9BE5-C42D37BFFA0F} = {F3E8024E-F9DF-4CAC-AA2A-74D70683963E}
		{5B2EA89E-E372-454C-9447-396FD255893A} = {F3E8024E-F9DF-4CAC-AA2A-74D70683963E}
	EndGlobalSection
	GlobalSection(ExtensibilityGlobals) = postSolution
		SolutionGuid = {6C7005A6-E3C7-4486-9383-FEC91B50A164}
	EndGlobalSection
EndGlobal
